
Microsoft Visual Studio Solution File, Format Version 12.00
# Visual Studio Version 17
VisualStudioVersion = 17.5.33516.290
MinimumVisualStudioVersion = 10.0.40219.1
Project("{FAE04EC0-301F-11D3-BF4B-00C04F79EFBC}") = "GUI", "QLTV\GUI.csproj", "{930AD9B2-43FB-4BB3-B0E1-F1F05C8A64CE}"
EndProject
Project("{FAE04EC0-301F-11D3-BF4B-00C04F79EFBC}") = "BUS", "BUS\BUS.csproj", "{AF5E6673-9209-4055-9F8B-0A04AF1AF442}"
EndProject
Project("{FAE04EC0-301F-11D3-BF4B-00C04F79EFBC}") = "DAL", "DAL\DAL.csproj", "{92430E6F-B3AC-4666-828B-76A440DBDA6C}"
EndProject
Project("{FAE04EC0-301F-11D3-BF4B-00C04F79EFBC}") = "DTO", "DTO\DTO.csproj", "{5A64DA04-B922-4FEA-B881-C9D875424B13}"
EndProject
Global
	GlobalSection(SolutionConfigurationPlatforms) = preSolution
		Debug|Any CPU = Debug|Any CPU
		Release|Any CPU = Release|Any CPU
	EndGlobalSection
	GlobalSection(ProjectConfigurationPlatforms) = postSolution
		{930AD9B2-43FB-4BB3-B0E1-F1F05C8A64CE}.Debug|Any CPU.ActiveCfg = Debug|Any CPU
		{930AD9B2-43FB-4BB3-B0E1-F1F05C8A64CE}.Debug|Any CPU.Build.0 = Debug|Any CPU
		{930AD9B2-43FB-4BB3-B0E1-F1F05C8A64CE}.Release|Any CPU.ActiveCfg = Release|Any CPU
		{930AD9B2-43FB-4BB3-B0E1-F1F05C8A64CE}.Release|Any CPU.Build.0 = Release|Any CPU
		{AF5E6673-9209-4055-9F8B-0A04AF1AF442}.Debug|Any CPU.ActiveCfg = Debug|Any CPU
		{AF5E6673-9209-4055-9F8B-0A04AF1AF442}.Debug|Any CPU.Build.0 = Debug|Any CPU
		{AF5E6673-9209-4055-9F8B-0A04AF1AF442}.Release|Any CPU.ActiveCfg = Release|Any CPU
		{AF5E6673-9209-4055-9F8B-0A04AF1AF442}.Release|Any CPU.Build.0 = Release|Any CPU
		{92430E6F-B3AC-4666-828B-76A440DBDA6C}.Debug|Any CPU.ActiveCfg = Debug|Any CPU
		{92430E6F-B3AC-4666-828B-76A440DBDA6C}.Debug|Any CPU.Build.0 = Debug|Any CPU
		{92430E6F-B3AC-4666-828B-76A440DBDA6C}.Release|Any CPU.ActiveCfg = Release|Any CPU
		{92430E6F-B3AC-4666-828B-76A440DBDA6C}.Release|Any CPU.Build.0 = Release|Any CPU
		{5A64DA04-B922-4FEA-B881-C9D875424B13}.Debug|Any CPU.ActiveCfg = Debug|Any CPU
		{5A64DA04-B922-4FEA-B881-C9D875424B13}.Debug|Any CPU.Build.0 = Debug|Any CPU
		{5A64DA04-B922-4FEA-B881-C9D875424B13}.Release|Any CPU.ActiveCfg = Release|Any CPU
		{5A64DA04-B922-4FEA-B881-C9D875424B13}.Release|Any CPU.Build.0 = Release|Any CPU
	EndGlobalSection
	GlobalSection(SolutionProperties) = preSolution
		HideSolutionNode = FALSE
	EndGlobalSection
	GlobalSection(ExtensibilityGlobals) = postSolution
		SolutionGuid = {FDD0B993-BBBA-415B-88DA-70D9917AB344}
	EndGlobalSection
EndGlobal
